// !$*UTF8*$!
{
	archiveVersion = 1;
	classes = {
	};
	objectVersion = 50;
	objects = {

/* Begin PBXBuildFile section */
		36200D2B21D4771900656602 /* AppDelegate.swift in Sources */ = {isa = PBXBuildFile; fileRef = 36200D2A21D4771900656602 /* AppDelegate.swift */; };
		36200D2D21D4771900656602 /* ViewController.swift in Sources */ = {isa = PBXBuildFile; fileRef = 36200D2C21D4771900656602 /* ViewController.swift */; };
		36200D3021D4771900656602 /* Main.storyboard in Resources */ = {isa = PBXBuildFile; fileRef = 36200D2E21D4771900656602 /* Main.storyboard */; };
		36200D3221D4771A00656602 /* Assets.xcassets in Resources */ = {isa = PBXBuildFile; fileRef = 36200D3121D4771A00656602 /* Assets.xcassets */; };
		36200D3521D4771A00656602 /* LaunchScreen.storyboard in Resources */ = {isa = PBXBuildFile; fileRef = 36200D3321D4771A00656602 /* LaunchScreen.storyboard */; };
		36200D4021D4771A00656602 /* GitDemoAniTests.swift in Sources */ = {isa = PBXBuildFile; fileRef = 36200D3F21D4771A00656602 /* GitDemoAniTests.swift */; };
		36200D4B21D4771A00656602 /* GitDemoAniUITests.swift in Sources */ = {isa = PBXBuildFile; fileRef = 36200D4A21D4771A00656602 /* GitDemoAniUITests.swift */; };
/* End PBXBuildFile section */

/* Begin PBXContainerItemProxy section */
		36200D3C21D4771A00656602 /* PBXContainerItemProxy */ = {
			isa = PBXContainerItemProxy;
			containerPortal = 36200D1F21D4771800656602 /* Project object */;
			proxyType = 1;
			remoteGlobalIDString = 36200D2621D4771900656602;
			remoteInfo = GitDemoAni;
		};
		36200D4721D4771A00656602 /* PBXContainerItemProxy */ = {
			isa = PBXContainerItemProxy;
			containerPortal = 36200D1F21D4771800656602 /* Project object */;
			proxyType = 1;
			remoteGlobalIDString = 36200D2621D4771900656602;
			remoteInfo = GitDemoAni;
		};
/* End PBXContainerItemProxy section */

/* Begin PBXFileReference section */
		36200D2721D4771900656602 /* GitDemoAni.app */ = {isa = PBXFileReference; explicitFileType = wrapper.application; includeInIndex = 0; path = GitDemoAni.app; sourceTree = BUILT_PRODUCTS_DIR; };
		36200D2A21D4771900656602 /* AppDelegate.swift */ = {isa = PBXFileReference; lastKnownFileType = sourcecode.swift; path = AppDelegate.swift; sourceTree = "<group>"; };
		36200D2C21D4771900656602 /* ViewController.swift */ = {isa = PBXFileReference; lastKnownFileType = sourcecode.swift; path = ViewController.swift; sourceTree = "<group>"; };
		36200D2F21D4771900656602 /* Base */ = {isa = PBXFileReference; lastKnownFileType = file.storyboard; name = Base; path = Base.lproj/Main.storyboard; sourceTree = "<group>"; };
		36200D3121D4771A00656602 /* Assets.xcassets */ = {isa = PBXFileReference; lastKnownFileType = folder.assetcatalog; path = Assets.xcassets; sourceTree = "<group>"; };
		36200D3421D4771A00656602 /* Base */ = {isa = PBXFileReference; lastKnownFileType = file.storyboard; name = Base; path = Base.lproj/LaunchScreen.storyboard; sourceTree = "<group>"; };
		36200D3621D4771A00656602 /* Info.plist */ = {isa = PBXFileReference; lastKnownFileType = text.plist.xml; path = Info.plist; sourceTree = "<group>"; };
		36200D3B21D4771A00656602 /* GitDemoAniTests.xctest */ = {isa = PBXFileReference; explicitFileType = wrapper.cfbundle; includeInIndex = 0; path = GitDemoAniTests.xctest; sourceTree = BUILT_PRODUCTS_DIR; };
		36200D3F21D4771A00656602 /* GitDemoAniTests.swift */ = {isa = PBXFileReference; lastKnownFileType = sourcecode.swift; path = GitDemoAniTests.swift; sourceTree = "<group>"; };
		36200D4121D4771A00656602 /* Info.plist */ = {isa = PBXFileReference; lastKnownFileType = text.plist.xml; path = Info.plist; sourceTree = "<group>"; };
		36200D4621D4771A00656602 /* GitDemoAniUITests.xctest */ = {isa = PBXFileReference; explicitFileType = wrapper.cfbundle; includeInIndex = 0; path = GitDemoAniUITests.xctest; sourceTree = BUILT_PRODUCTS_DIR; };
		36200D4A21D4771A00656602 /* GitDemoAniUITests.swift */ = {isa = PBXFileReference; lastKnownFileType = sourcecode.swift; path = GitDemoAniUITests.swift; sourceTree = "<group>"; };
		36200D4C21D4771A00656602 /* Info.plist */ = {isa = PBXFileReference; lastKnownFileType = text.plist.xml; path = Info.plist; sourceTree = "<group>"; };
/* End PBXFileReference section */

/* Begin PBXFrameworksBuildPhase section */
		36200D2421D4771900656602 /* Frameworks */ = {
			isa = PBXFrameworksBuildPhase;
			buildActionMask = 2147483647;
			files = (
			);
			runOnlyForDeploymentPostprocessing = 0;
		};
		36200D3821D4771A00656602 /* Frameworks */ = {
			isa = PBXFrameworksBuildPhase;
			buildActionMask = 2147483647;
			files = (
			);
			runOnlyForDeploymentPostprocessing = 0;
		};
		36200D4321D4771A00656602 /* Frameworks */ = {
			isa = PBXFrameworksBuildPhase;
			buildActionMask = 2147483647;
			files = (
			);
			runOnlyForDeploymentPostprocessing = 0;
		};
/* End PBXFrameworksBuildPhase section */

/* Begin PBXGroup section */
		36200D1E21D4771800656602 = {
			isa = PBXGroup;
			children = (
				36200D2921D4771900656602 /* GitDemoAni */,
				36200D3E21D4771A00656602 /* GitDemoAniTests */,
				36200D4921D4771A00656602 /* GitDemoAniUITests */,
				36200D2821D4771900656602 /* Products */,
			);
			sourceTree = "<group>";
		};
		36200D2821D4771900656602 /* Products */ = {
			isa = PBXGroup;
			children = (
				36200D2721D4771900656602 /* GitDemoAni.app */,
				36200D3B21D4771A00656602 /* GitDemoAniTests.xctest */,
				36200D4621D4771A00656602 /* GitDemoAniUITests.xctest */,
			);
			name = Products;
			sourceTree = "<group>";
		};
		36200D2921D4771900656602 /* GitDemoAni */ = {
			isa = PBXGroup;
			children = (
				36200D2A21D4771900656602 /* AppDelegate.swift */,
				36200D2C21D4771900656602 /* ViewController.swift */,
				36200D2E21D4771900656602 /* Main.storyboard */,
				36200D3121D4771A00656602 /* Assets.xcassets */,
				36200D3321D4771A00656602 /* LaunchScreen.storyboard */,
				36200D3621D4771A00656602 /* Info.plist */,
			);
			path = GitDemoAni;
			sourceTree = "<group>";
		};
		36200D3E21D4771A00656602 /* GitDemoAniTests */ = {
			isa = PBXGroup;
			children = (
				36200D3F21D4771A00656602 /* GitDemoAniTests.swift */,
				36200D4121D4771A00656602 /* Info.plist */,
			);
			path = GitDemoAniTests;
			sourceTree = "<group>";
		};
		36200D4921D4771A00656602 /* GitDemoAniUITests */ = {
			isa = PBXGroup;
			children = (
				36200D4A21D4771A00656602 /* GitDemoAniUITests.swift */,
				36200D4C21D4771A00656602 /* Info.plist */,
			);
			path = GitDemoAniUITests;
			sourceTree = "<group>";
		};
/* End PBXGroup section */

/* Begin PBXNativeTarget section */
		36200D2621D4771900656602 /* GitDemoAni */ = {
			isa = PBXNativeTarget;
			buildConfigurationList = 36200D4F21D4771A00656602 /* Build configuration list for PBXNativeTarget "GitDemoAni" */;
			buildPhases = (
				36200D2321D4771900656602 /* Sources */,
				36200D2421D4771900656602 /* Frameworks */,
				36200D2521D4771900656602 /* Resources */,
			);
			buildRules = (
			);
			dependencies = (
			);
			name = GitDemoAni;
			productName = GitDemoAni;
			productReference = 36200D2721D4771900656602 /* GitDemoAni.app */;
			productType = "com.apple.product-type.application";
		};
		36200D3A21D4771A00656602 /* GitDemoAniTests */ = {
			isa = PBXNativeTarget;
			buildConfigurationList = 36200D5221D4771A00656602 /* Build configuration list for PBXNativeTarget "GitDemoAniTests" */;
			buildPhases = (
				36200D3721D4771A00656602 /* Sources */,
				36200D3821D4771A00656602 /* Frameworks */,
				36200D3921D4771A00656602 /* Resources */,
			);
			buildRules = (
			);
			dependencies = (
				36200D3D21D4771A00656602 /* PBXTargetDependency */,
			);
			name = GitDemoAniTests;
			productName = GitDemoAniTests;
			productReference = 36200D3B21D4771A00656602 /* GitDemoAniTests.xctest */;
			productType = "com.apple.product-type.bundle.unit-test";
		};
		36200D4521D4771A00656602 /* GitDemoAniUITests */ = {
			isa = PBXNativeTarget;
			buildConfigurationList = 36200D5521D4771A00656602 /* Build configuration list for PBXNativeTarget "GitDemoAniUITests" */;
			buildPhases = (
				36200D4221D4771A00656602 /* Sources */,
				36200D4321D4771A00656602 /* Frameworks */,
				36200D4421D4771A00656602 /* Resources */,
			);
			buildRules = (
			);
			dependencies = (
				36200D4821D4771A00656602 /* PBXTargetDependency */,
			);
			name = GitDemoAniUITests;
			productName = GitDemoAniUITests;
			productReference = 36200D4621D4771A00656602 /* GitDemoAniUITests.xctest */;
			productType = "com.apple.product-type.bundle.ui-testing";
		};
/* End PBXNativeTarget section */

/* Begin PBXProject section */
		36200D1F21D4771800656602 /* Project object */ = {
			isa = PBXProject;
			attributes = {
				LastSwiftUpdateCheck = 1010;
				LastUpgradeCheck = 1010;
				ORGANIZATIONNAME = "陈文娟";
				TargetAttributes = {
					36200D2621D4771900656602 = {
						CreatedOnToolsVersion = 10.1;
					};
					36200D3A21D4771A00656602 = {
						CreatedOnToolsVersion = 10.1;
						TestTargetID = 36200D2621D4771900656602;
					};
					36200D4521D4771A00656602 = {
						CreatedOnToolsVersion = 10.1;
						TestTargetID = 36200D2621D4771900656602;
					};
				};
			};
			buildConfigurationList = 36200D2221D4771800656602 /* Build configuration list for PBXProject "GitDemoAni" */;
			compatibilityVersion = "Xcode 9.3";
			developmentRegion = en;
			hasScannedForEncodings = 0;
			knownRegions = (
				en,
				Base,
			);
			mainGroup = 36200D1E21D4771800656602;
			productRefGroup = 36200D2821D4771900656602 /* Products */;
			projectDirPath = "";
			projectRoot = "";
			targets = (
				36200D2621D4771900656602 /* GitDemoAni */,
				36200D3A21D4771A00656602 /* GitDemoAniTests */,
				36200D4521D4771A00656602 /* GitDemoAniUITests */,
			);
		};
/* End PBXProject section */

/* Begin PBXResourcesBuildPhase section */
		36200D2521D4771900656602 /* Resources */ = {
			isa = PBXResourcesBuildPhase;
			buildActionMask = 2147483647;
			files = (
				36200D3521D4771A00656602 /* LaunchScreen.storyboard in Resources */,
				36200D3221D4771A00656602 /* Assets.xcassets in Resources */,
				36200D3021D4771900656602 /* Main.storyboard in Resources */,
			);
			runOnlyForDeploymentPostprocessing = 0;
		};
		36200D3921D4771A00656602 /* Resources */ = {
			isa = PBXResourcesBuildPhase;
			buildActionMask = 2147483647;
			files = (
			);
			runOnlyForDeploymentPostprocessing = 0;
		};
		36200D4421D4771A00656602 /* Resources */ = {
			isa = PBXResourcesBuildPhase;
			buildActionMask = 2147483647;
			files = (
			);
			runOnlyForDeploymentPostprocessing = 0;
		};
/* End PBXResourcesBuildPhase section */

/* Begin PBXSourcesBuildPhase section */
		36200D2321D4771900656602 /* Sources */ = {
			isa = PBXSourcesBuildPhase;
			buildActionMask = 2147483647;
			files = (
				36200D2D21D4771900656602 /* ViewController.swift in Sources */,
				36200D2B21D4771900656602 /* AppDelegate.swift in Sources */,
			);
			runOnlyForDeploymentPostprocessing = 0;
		};
		36200D3721D4771A00656602 /* Sources */ = {
			isa = PBXSourcesBuildPhase;
			buildActionMask = 2147483647;
			files = (
				36200D4021D4771A00656602 /* GitDemoAniTests.swift in Sources */,
			);
			runOnlyForDeploymentPostprocessing = 0;
		};
		36200D4221D4771A00656602 /* Sources */ = {
			isa = PBXSourcesBuildPhase;
			buildActionMask = 2147483647;
			files = (
				36200D4B21D4771A00656602 /* GitDemoAniUITests.swift in Sources */,
			);
			runOnlyForDeploymentPostprocessing = 0;
		};
/* End PBXSourcesBuildPhase section */

/* Begin PBXTargetDependency section */
		36200D3D21D4771A00656602 /* PBXTargetDependency */ = {
			isa = PBXTargetDependency;
			target = 36200D2621D4771900656602 /* GitDemoAni */;
			targetProxy = 36200D3C21D4771A00656602 /* PBXContainerItemProxy */;
		};
		36200D4821D4771A00656602 /* PBXTargetDependency */ = {
			isa = PBXTargetDependency;
			target = 36200D2621D4771900656602 /* GitDemoAni */;
			targetProxy = 36200D4721D4771A00656602 /* PBXContainerItemProxy */;
		};
/* End PBXTargetDependency section */

/* Begin PBXVariantGroup section */
		36200D2E21D4771900656602 /* Main.storyboard */ = {
			isa = PBXVariantGroup;
			children = (
				36200D2F21D4771900656602 /* Base */,
			);
			name = Main.storyboard;
			sourceTree = "<group>";
		};
		36200D3321D4771A00656602 /* LaunchScreen.storyboard */ = {
			isa = PBXVariantGroup;
			children = (
				36200D3421D4771A00656602 /* Base */,
			);
			name = LaunchScreen.storyboard;
			sourceTree = "<group>";
		};
/* End PBXVariantGroup section */

/* Begin XCBuildConfiguration section */
		36200D4D21D4771A00656602 /* Debug */ = {
			isa = XCBuildConfiguration;
			buildSettings = {
				ALWAYS_SEARCH_USER_PATHS = NO;
				CLANG_ANALYZER_NONNULL = YES;
				CLANG_ANALYZER_NUMBER_OBJECT_CONVERSION = YES_AGGRESSIVE;
				CLANG_CXX_LANGUAGE_STANDARD = "gnu++14";
				CLANG_CXX_LIBRARY = "libc++";
				CLANG_ENABLE_MODULES = YES;
				CLANG_ENABLE_OBJC_ARC = YES;
				CLANG_ENABLE_OBJC_WEAK = YES;
				CLANG_WARN_BLOCK_CAPTURE_AUTORELEASING = YES;
				CLANG_WARN_BOOL_CONVERSION = YES;
				CLANG_WARN_COMMA = YES;
				CLANG_WARN_CONSTANT_CONVERSION = YES;
				CLANG_WARN_DEPRECATED_OBJC_IMPLEMENTATIONS = YES;
				CLANG_WARN_DIRECT_OBJC_ISA_USAGE = YES_ERROR;
				CLANG_WARN_DOCUMENTATION_COMMENTS = YES;
				CLANG_WARN_EMPTY_BODY = YES;
				CLANG_WARN_ENUM_CONVERSION = YES;
				CLANG_WARN_INFINITE_RECURSION = YES;
				CLANG_WARN_INT_CONVERSION = YES;
				CLANG_WARN_NON_LITERAL_NULL_CONVERSION = YES;
				CLANG_WARN_OBJC_IMPLICIT_RETAIN_SELF = YES;
				CLANG_WARN_OBJC_LITERAL_CONVERSION = YES;
				CLANG_WARN_OBJC_ROOT_CLASS = YES_ERROR;
				CLANG_WARN_RANGE_LOOP_ANALYSIS = YES;
				CLANG_WARN_STRICT_PROTOTYPES = YES;
				CLANG_WARN_SUSPICIOUS_MOVE = YES;
				CLANG_WARN_UNGUARDED_AVAILABILITY = YES_AGGRESSIVE;
				CLANG_WARN_UNREACHABLE_CODE = YES;
				CLANG_WARN__DUPLICATE_METHOD_MATCH = YES;
				CODE_SIGN_IDENTITY = "iPhone Developer";
				COPY_PHASE_STRIP = NO;
				DEBUG_INFORMATION_FORMAT = dwarf;
				ENABLE_STRICT_OBJC_MSGSEND = YES;
				ENABLE_TESTABILITY = YES;
				GCC_C_LANGUAGE_STANDARD = gnu11;
				GCC_DYNAMIC_NO_PIC = NO;
				GCC_NO_COMMON_BLOCKS = YES;
				GCC_OPTIMIZATION_LEVEL = 0;
				GCC_PREPROCESSOR_DEFINITIONS = (
					"DEBUG=1",
					"$(inherited)",
				);
				GCC_WARN_64_TO_32_BIT_CONVERSION = YES;
				GCC_WARN_ABOUT_RETURN_TYPE = YES_ERROR;
				GCC_WARN_UNDECLARED_SELECTOR = YES;
				GCC_WARN_UNINITIALIZED_AUTOS = YES_AGGRESSIVE;
				GCC_WARN_UNUSED_FUNCTION = YES;
				GCC_WARN_UNUSED_VARIABLE = YES;
				IPHONEOS_DEPLOYMENT_TARGET = 12.1;
				MTL_ENABLE_DEBUG_INFO = INCLUDE_SOURCE;
				MTL_FAST_MATH = YES;
				ONLY_ACTIVE_ARCH = YES;
				SDKROOT = iphoneos;
				SWIFT_ACTIVE_COMPILATION_CONDITIONS = DEBUG;
				SWIFT_OPTIMIZATION_LEVEL = "-Onone";
			};
			name = Debug;
		};
		36200D4E21D4771A00656602 /* Release */ = {
			isa = XCBuildConfiguration;
			buildSettings = {
				ALWAYS_SEARCH_USER_PATHS = NO;
				CLANG_ANALYZER_NONNULL = YES;
				CLANG_ANALYZER_NUMBER_OBJECT_CONVERSION = YES_AGGRESSIVE;
				CLANG_CXX_LANGUAGE_STANDARD = "gnu++14";
				CLANG_CXX_LIBRARY = "libc++";
				CLANG_ENABLE_MODULES = YES;
				CLANG_ENABLE_OBJC_ARC = YES;
				CLANG_ENABLE_OBJC_WEAK = YES;
				CLANG_WARN_BLOCK_CAPTURE_AUTORELEASING = YES;
				CLANG_WARN_BOOL_CONVERSION = YES;
				CLANG_WARN_COMMA = YES;
				CLANG_WARN_CONSTANT_CONVERSION = YES;
				CLANG_WARN_DEPRECATED_OBJC_IMPLEMENTATIONS = YES;
				CLANG_WARN_DIRECT_OBJC_ISA_USAGE = YES_ERROR;
				CLANG_WARN_DOCUMENTATION_COMMENTS = YES;
				CLANG_WARN_EMPTY_BODY = YES;
				CLANG_WARN_ENUM_CONVERSION = YES;
				CLANG_WARN_INFINITE_RECURSION = YES;
				CLANG_WARN_INT_CONVERSION = YES;
				CLANG_WARN_NON_LITERAL_NULL_CONVERSION = YES;
				CLANG_WARN_OBJC_IMPLICIT_RETAIN_SELF = YES;
				CLANG_WARN_OBJC_LITERAL_CONVERSION = YES;
				CLANG_WARN_OBJC_ROOT_CLASS = YES_ERROR;
				CLANG_WARN_RANGE_LOOP_ANALYSIS = YES;
				CLANG_WARN_STRICT_PROTOTYPES = YES;
				CLANG_WARN_SUSPICIOUS_MOVE = YES;
				CLANG_WARN_UNGUARDED_AVAILABILITY = YES_AGGRESSIVE;
				CLANG_WARN_UNREACHABLE_CODE = YES;
				CLANG_WARN__DUPLICATE_METHOD_MATCH = YES;
				CODE_SIGN_IDENTITY = "iPhone Developer";
				COPY_PHASE_STRIP = NO;
				DEBUG_INFORMATION_FORMAT = "dwarf-with-dsym";
				ENABLE_NS_ASSERTIONS = NO;
				ENABLE_STRICT_OBJC_MSGSEND = YES;
				GCC_C_LANGUAGE_STANDARD = gnu11;
				GCC_NO_COMMON_BLOCKS = YES;
				GCC_WARN_64_TO_32_BIT_CONVERSION = YES;
				GCC_WARN_ABOUT_RETURN_TYPE = YES_ERROR;
				GCC_WARN_UNDECLARED_SELECTOR = YES;
				GCC_WARN_UNINITIALIZED_AUTOS = YES_AGGRESSIVE;
				GCC_WARN_UNUSED_FUNCTION = YES;
				GCC_WARN_UNUSED_VARIABLE = YES;
				IPHONEOS_DEPLOYMENT_TARGET = 12.1;
				MTL_ENABLE_DEBUG_INFO = NO;
				MTL_FAST_MATH = YES;
				SDKROOT = iphoneos;
				SWIFT_COMPILATION_MODE = wholemodule;
				SWIFT_OPTIMIZATION_LEVEL = "-O";
				VALIDATE_PRODUCT = YES;
			};
			name = Release;
		};
		36200D5021D4771A00656602 /* Debug */ = {
			isa = XCBuildConfiguration;
			buildSettings = {
				ASSETCATALOG_COMPILER_APPICON_NAME = AppIcon;
				CODE_SIGN_STYLE = Automatic;
				INFOPLIST_FILE = GitDemoAni/Info.plist;
				LD_RUNPATH_SEARCH_PATHS = (
					"$(inherited)",
					"@executable_path/Frameworks",
				);
				PRODUCT_BUNDLE_IDENTIFIER = cn.edu.cuc.GitDemoAni;
				PRODUCT_NAME = "$(TARGET_NAME)";
				SWIFT_VERSION = 4.2;
				TARGETED_DEVICE_FAMILY = "1,2";
			};
			name = Debug;
		};
		36200D5121D4771A00656602 /* Release */ = {
			isa = XCBuildConfiguration;
			buildSettings = {
				ASSETCATALOG_COMPILER_APPICON_NAME = AppIcon;
				CODE_SIGN_STYLE = Automatic;
				INFOPLIST_FILE = GitDemoAni/Info.plist;
				LD_RUNPATH_SEARCH_PATHS = (
					"$(inherited)",
					"@executable_path/Frameworks",
				);
				PRODUCT_BUNDLE_IDENTIFIER = cn.edu.cuc.GitDemoAni;
				PRODUCT_NAME = "$(TARGET_NAME)";
				SWIFT_VERSION = 4.2;
				TARGETED_DEVICE_FAMILY = "1,2";
			};
			name = Release;
		};
		36200D5321D4771A00656602 /* Debug */ = {
			isa = XCBuildConfiguration;
			buildSettings = {
				ALWAYS_EMBED_SWIFT_STANDARD_LIBRARIES = YES;
				BUNDLE_LOADER = "$(TEST_HOST)";
				CODE_SIGN_STYLE = Automatic;
				INFOPLIST_FILE = GitDemoAniTests/Info.plist;
				LD_RUNPATH_SEARCH_PATHS = (
					"$(inherited)",
					"@executable_path/Frameworks",
					"@loader_path/Frameworks",
				);
				PRODUCT_BUNDLE_IDENTIFIER = cn.edu.cuc.GitDemoAniTests;
				PRODUCT_NAME = "$(TARGET_NAME)";
				SWIFT_VERSION = 4.2;
				TARGETED_DEVICE_FAMILY = "1,2";
				TEST_HOST = "$(BUILT_PRODUCTS_DIR)/GitDemoAni.app/GitDemoAni";
			};
			name = Debug;
		};
		36200D5421D4771A00656602 /* Release */ = {
			isa = XCBuildConfiguration;
			buildSettings = {
				ALWAYS_EMBED_SWIFT_STANDARD_LIBRARIES = YES;
				BUNDLE_LOADER = "$(TEST_HOST)";
				CODE_SIGN_STYLE = Automatic;
				INFOPLIST_FILE = GitDemoAniTests/Info.plist;
				LD_RUNPATH_SEARCH_PATHS = (
					"$(inherited)",
					"@executable_path/Frameworks",
					"@loader_path/Frameworks",
				);
				PRODUCT_BUNDLE_IDENTIFIER = cn.edu.cuc.GitDemoAniTests;
				PRODUCT_NAME = "$(TARGET_NAME)";
				SWIFT_VERSION = 4.2;
				TARGETED_DEVICE_FAMILY = "1,2";
				TEST_HOST = "$(BUILT_PRODUCTS_DIR)/GitDemoAni.app/GitDemoAni";
			};
			name = Release;
		};
		36200D5621D4771A00656602 /* Debug */ = {
			isa = XCBuildConfiguration;
			buildSettings = {
				ALWAYS_EMBED_SWIFT_STANDARD_LIBRARIES = YES;
				CODE_SIGN_STYLE = Automatic;
				INFOPLIST_FILE = GitDemoAniUITests/Info.plist;
				LD_RUNPATH_SEARCH_PATHS = (
					"$(inherited)",
					"@executable_path/Frameworks",
					"@loader_path/Frameworks",
				);
				PRODUCT_BUNDLE_IDENTIFIER = cn.edu.cuc.GitDemoAniUITests;
				PRODUCT_NAME = "$(TARGET_NAME)";
				SWIFT_VERSION = 4.2;
				TARGETED_DEVICE_FAMILY = "1,2";
				TEST_TARGET_NAME = GitDemoAni;
			};
			name = Debug;
		};
		36200D5721D4771A00656602 /* Release */ = {
			isa = XCBuildConfiguration;
			buildSettings = {
				ALWAYS_EMBED_SWIFT_STANDARD_LIBRARIES = YES;
				CODE_SIGN_STYLE = Automatic;
				INFOPLIST_FILE = GitDemoAniUITests/Info.plist;
				LD_RUNPATH_SEARCH_PATHS = (
					"$(inherited)",
					"@executable_path/Frameworks",
					"@loader_path/Frameworks",
				);
				PRODUCT_BUNDLE_IDENTIFIER = cn.edu.cuc.GitDemoAniUITests;
				PRODUCT_NAME = "$(TARGET_NAME)";
				SWIFT_VERSION = 4.2;
				TARGETED_DEVICE_FAMILY = "1,2";
				TEST_TARGET_NAME = GitDemoAni;
			};
			name = Release;
		};
/* End XCBuildConfiguration section */

/* Begin XCConfigurationList section */
		36200D2221D4771800656602 /* Build configuration list for PBXProject "GitDemoAni" */ = {
			isa = XCConfigurationList;
			buildConfigurations = (
				36200D4D21D4771A00656602 /* Debug */,
				36200D4E21D4771A00656602 /* Release */,
			);
			defaultConfigurationIsVisible = 0;
			defaultConfigurationName = Release;
		};
		36200D4F21D4771A00656602 /* Build configuration list for PBXNativeTarget "GitDemoAni" */ = {
			isa = XCConfigurationList;
			buildConfigurations = (
				36200D5021D4771A00656602 /* Debug */,
				36200D5121D4771A00656602 /* Release */,
			);
			defaultConfigurationIsVisible = 0;
			defaultConfigurationName = Release;
		};
		36200D5221D4771A00656602 /* Build configuration list for PBXNativeTarget "GitDemoAniTests" */ = {
			isa = XCConfigurationList;
			buildConfigurations = (
				36200D5321D4771A00656602 /* Debug */,
				36200D5421D4771A00656602 /* Release */,
			);
			defaultConfigurationIsVisible = 0;
			defaultConfigurationName = Release;
		};
		36200D5521D4771A00656602 /* Build configuration list for PBXNativeTarget "GitDemoAniUITests" */ = {
			isa = XCConfigurationList;
			buildConfigurations = (
				36200D5621D4771A00656602 /* Debug */,
				36200D5721D4771A00656602 /* Release */,
			);
			defaultConfigurationIsVisible = 0;
			defaultConfigurationName = Release;
		};
/* End XCConfigurationList section */
	};
	rootObject = 36200D1F21D4771800656602 /* Project object */;
}
